{
  "lockfile_version": "1",
  "packages": {
    "github:NixOS/nixpkgs/nixpkgs-unstable": {
      "last_modified": "2026-06-29T19:19:24Z",
      "resolved": "github:NixOS/nixpkgs/7a1a64774a5fd0b0cd39ac95d0e170ace8b266a0?lastModified=1782760764&narHash=sha256-N66fYdUuZ9hpdM7jsQ7CUWtLJduqGDyTGCaLR62CXaQ%3D"
    },
    "just@1.54.0": {
      "last_modified": "2026-06-27T07:37:20Z",
      "resolved": "github:NixOS/nixpkgs/3d46470bb3030020f7e1361f33514854f5bfa86d#just",
      "source": "devbox-search",
      "version": "1.54.0",
      "systems": {
        "aarch64-darwin": {
          "outputs": [
            {
              "name": "out",
              "path": "/nix/store/gdbxf7azmrwyr00k313r888rw3gr6mfd-just-1.54.0",
              "default": true
            },
            {
              "name": "man",
              "path": "/nix/store/y0476rym2901gafsxcr29w07778qdbf5-just-1.54.0-man",
              "default": true
            },
            {
              "name": "doc",
              "path": "/nix/store/viaamsidc2a6i9hsk7sslcin5ccisiba-just-1.54.0-doc"
            }
          ],
          "store_path": "/nix/store/gdbxf7azmrwyr00k313r888rw3gr6mfd-just-1.54.0"
        },
        "aarch64-linux": {
          "outputs": [
            {
              "name": "out",
              "path": "/nix/store/gbw1366v4d2hp3lffvz3k4bvig8h79vp-just-1.54.0",
              "default": true
            },
            {
              "name": "man",
              "path": "/nix/store/fsx5gcfax6fhhyb1cxq2a6r6qn7604wd-just-1.54.0-man",
              "default": true
            },
            {
              "name": "doc",
              "path": "/nix/store/vakwrh7cdzs3c7rklgbz3r0ivdd7v6dq-just-1.54.0-doc"
            }
          ],
          "store_path": "/nix/store/gbw1366v4d2hp3lffvz3k4bvig8h79vp-just-1.54.0"
        },
        "x86_64-darwin": {
          "outputs": [
            {
              "name": "out",
              "path": "/nix/store/qlms9i3zdsqpfwmdslpkl2xdcs6k76ba-just-1.54.0",
              "default": true
            },
            {
              "name": "man",
              "path": "/nix/store/x78s7737cb11q36isfcd11h24jff2h2p-just-1.54.0-man",
              "default": true
            },
            {
              "name": "doc",
              "path": "/nix/store/br88ib3kmmiydm96k4c2m4nnmrgq3zcj-just-1.54.0-doc"
            }
          ],
          "store_path": "/nix/store/qlms9i3zdsqpfwmdslpkl2xdcs6k76ba-just-1.54.0"
        },
        "x86_64-linux": {
          "outputs": [
            {
              "name": "out",
              "path": "/nix/store/jkvmgfmklm7q60sd4jl56h0315kbgi27-just-1.54.0",
              "default": true
            },
            {
              "name": "man",
              "path": "/nix/store/8y75gr1mhidc6b7x56kalk5ydqni9bf4-just-1.54.0-man",
              "default": true
            },
            {
              "name": "doc",
              "path": "/nix/store/ghqfn9gcdravrniw7iacpb46g00wf1fk-just-1.54.0-doc"
            }
          ],
          "store_path": "/nix/store/jkvmgfmklm7q60sd4jl56h0315kbgi27-just-1.54.0"
        }
      }
    },
    "k6@2.0.0": {
      "last_modified": "2026-06-27T07:37:20Z",
      "resolved": "github:NixOS/nixpkgs/3d46470bb3030020f7e1361f33514854f5bfa86d#k6",
      "source": "devbox-search",
      "version": "2.0.0",
      "systems": {
        "aarch64-darwin": {
          "outputs": [
            {
              "name": "out",
              "path": "/nix/store/24799amkyazp46v1bmpj4gw2y7j38484-k6-2.0.0",
              "default": true
            }
          ],
          "store_path": "/nix/store/24799amkyazp46v1bmpj4gw2y7j38484-k6-2.0.0"
        },
        "aarch64-linux": {
          "outputs": [
            {
              "name": "out",
              "path": "/nix/store/jyvhzpjsmpn2rb9ccgzpvxl1xyyrb5s9-k6-2.0.0",
              "default": true
            }
          ],
          "store_path": "/nix/store/jyvhzpjsmpn2rb9ccgzpvxl1xyyrb5s9-k6-2.0.0"
        },
        "x86_64-darwin": {
          "outputs": [
            {
              "name": "out",
              "path": "/nix/store/1wagzs40rwx4zshp2rahwy85s909kn9c-k6-2.0.0",
              "default": true
            }
          ],
          "store_path": "/nix/store/1wagzs40rwx4zshp2rahwy85s909kn9c-k6-2.0.0"
        },
        "x86_64-linux": {
          "outputs": [
            {
              "name": "out",
              "path": "/nix/store/ab580nr5l9418casvw8yxpmvv7zv3n1q-k6-2.0.0",
              "default": true
            }
          ],
          "store_path": "/nix/store/ab580nr5l9418casvw8yxpmvv7zv3n1q-k6-2.0.0"
        }
      }
    },
    "oracle-instantclient@21.10.0.0.0": {
      "last_modified": "2026-06-29T19:19:24Z",
      "resolved": "github:NixOS/nixpkgs/7a1a64774a5fd0b0cd39ac95d0e170ace8b266a0#oracle-instantclient",
      "source": "devbox-search",
      "version": "21.10.0.0.0",
      "systems": {
        "x86_64-linux": {
          "outputs": [
            {
              "name": "out",
              "path": "/nix/store/hvf2dhrqd1d83hndvz2c0h7m9c7w1dhz-oracle-instantclient-21.10.0.0.0",
              "default": true
            },
            {
              "name": "dev",
              "path": "/nix/store/5p54b4zgkjy8ksfkgp4z25hvf3hfb2bx-oracle-instantclient-21.10.0.0.0-dev"
            },
            {
              "name": "lib",
              "path": "/nix/store/7zqcykhxd1nz600wx2vymr4wg1ccif4g-oracle-instantclient-21.10.0.0.0-lib"
            }
          ],
          "store_path": "/nix/store/hvf2dhrqd1d83hndvz2c0h7m9c7w1dhz-oracle-instantclient-21.10.0.0.0"
        }
      }
    },
    "postgresql@17.10": {
      "last_modified": "2026-06-29T19:19:24Z",
      "plugin_version": "0.0.2",
      "resolved": "github:NixOS/nixpkgs/7a1a64774a5fd0b0cd39ac95d0e170ace8b266a0#postgresql",
      "source": "devbox-search",
      "version": "17.10",
      "systems": {
        "aarch64-darwin": {
          "outputs": [
            {
              "name": "out",
              "path": "/nix/store/hzbggmj1nil9902bfq876dxd1xscwlpb-postgresql-17.10",
              "default": true
            },
            {
              "name": "man",
              "path": "/nix/store/s1pqxfassz17nnh5l8fpc0yrrnis5f6l-postgresql-17.10-man",
              "default": true
            },
            {
              "name": "plpython3",
              "path": "/nix/store/nkpyi2c1b9zrhs7qcw55zqvd8h3dj8z4-postgresql-17.10-plpython3"
            },
            {
              "name": "pltcl",
              "path": "/nix/store/mwnii772wdlfs17hyyajjyvbl355lkx8-postgresql-17.10-pltcl"
            },
            {
              "name": "doc",
              "path": "/nix/store/w7dqbp6drpjhh8fmw21ddgx2bjz94acj-postgresql-17.10-doc"
            },
            {
              "name": "jit",
              "path": "/nix/store/gmbbx0n9xlrrh0jdyf6fn89c17m1v69h-postgresql-17.10-jit"
            },
            {
              "name": "lib",
              "path": "/nix/store/ckx6mgsnpjzzd51w2i009h88p09adgw1-postgresql-17.10-lib"
            },
            {
              "name": "plperl",
              "path": "/nix/store/xwyg5lram9b739wcbrz7p8vd4zk41axl-postgresql-17.10-plperl"
            },
            {
              "name": "dev",
              "path": "/nix/store/x9ynbjwsrxbyhvh86qkg7aa2a138v8f3-postgresql-17.10-dev"
            }
          ],
          "store_path": "/nix/store/hzbggmj1nil9902bfq876dxd1xscwlpb-postgresql-17.10"
        },
        "aarch64-linux": {
          "outputs": [
            {
              "name": "out",
              "path": "/nix/store/9ncchkya5z6s60bdxfn4w36gq10d02li-postgresql-17.10",
              "default": true
            },
            {
              "name": "man",
              "path": "/nix/store/w9nl213mjgfrv4na04k5bjbhabc4pl4w-postgresql-17.10-man",
              "default": true
            },
            {
              "name": "doc",
              "path": "/nix/store/3y6ypqn3z99wxkrp036ar55srvqxhbfs-postgresql-17.10-doc"
            },
            {
              "name": "plperl",
              "path": "/nix/store/ic9dmz09rr7h97hqbq2wwfh12yw2gk04-postgresql-17.10-plperl"
            },
            {
              "name": "pltcl",
              "path": "/nix/store/xjk75lk9wb1c42xjbmsyml6vphcagsd6-postgresql-17.10-pltcl"
            },
            {
              "name": "debug",
              "path": "/nix/store/d5br06xpbbsnjbvyhlg1vb7sg5vsh4cl-postgresql-17.10-debug"
            },
            {
              "name": "dev",
              "path": "/nix/store/r3xd0zkag7zk4bx9n4yh664k8arq7k4x-postgresql-17.10-dev"
            },
            {
              "name": "jit",
              "path": "/nix/store/j59a0qg5ycdxw0dbbhxl4wr2bf1h2a49-postgresql-17.10-jit"
            },
            {
              "name": "lib",
              "path": "/nix/store/gk31jp47f78n8ahp3hi92rdg1dx07ygp-postgresql-17.10-lib"
            },
            {
              "name": "plpython3",
              "path": "/nix/store/hxig1vf4v6gnlxm7z61ccv1lgm0aq0n6-postgresql-17.10-plpython3"
            }
          ],
          "store_path": "/nix/store/9ncchkya5z6s60bdxfn4w36gq10d02li-postgresql-17.10"
        },
        "x86_64-darwin": {
          "outputs": [
            {
              "name": "out",
              "path": "/nix/store/jgxdaiah5jwxw59dva74kgljyma997n8-postgresql-17.10",
              "default": true
            },
            {
              "name": "man",
              "path": "/nix/store/bak19mp0xgx9rwsmw1lzwcl3wb2saz38-postgresql-17.10-man",
              "default": true
            },
            {
              "name": "doc",
              "path": "/nix/store/3jj55asrgl1ahv01gkpzqmvwnzvg1wrb-postgresql-17.10-doc"
            },
            {
              "name": "jit",
              "path": "/nix/store/5vfbgj9n87l1zk7ljqisigsz9ax5sgad-postgresql-17.10-jit"
            },
            {
              "name": "lib",
              "path": "/nix/store/yvbnhnx1dk5i0877gam5yc8cvfiiz3bp-postgresql-17.10-lib"
            },
            {
              "name": "plpython3",
              "path": "/nix/store/pdqsdbz6ghicqhny4as3ws1gs0yy94s8-postgresql-17.10-plpython3"
            },
            {
              "name": "pltcl",
              "path": "/nix/store/049bby0qrz8wh4073i41ghk4vfzs54vk-postgresql-17.10-pltcl"
            },
            {
              "name": "dev",
              "path": "/nix/store/x1rfdcnxh1kj634bz73k8xg2p3i5rf22-postgresql-17.10-dev"
            },
            {
              "name": "plperl",
              "path": "/nix/store/3bdjvw41s62iq0abf17d5dcgmdmsrvaw-postgresql-17.10-plperl"
            }
          ],
          "store_path": "/nix/store/jgxdaiah5jwxw59dva74kgljyma997n8-postgresql-17.10"
        },
        "x86_64-linux": {
          "outputs": [
            {
              "name": "out",
              "path": "/nix/store/fdh93xn8lhlkdslwrgxzr8kd1qc8akga-postgresql-17.10",
              "default": true
            },
            {
              "name": "man",
              "path": "/nix/store/iqr4qfr28ks77m8hlzm8d8wgkf7rr5hg-postgresql-17.10-man",
              "default": true
            },
            {
              "name": "debug",
              "path": "/nix/store/g88yk9zvh38sllvzch1yd1sa67rdzrvj-postgresql-17.10-debug"
            },
            {
              "name": "dev",
              "path": "/nix/store/92b64gg5xc23f45ncmgxjcxs1g9ncmnc-postgresql-17.10-dev"
            },
            {
              "name": "plperl",
              "path": "/nix/store/0rkgsn2r9151991bznkbvjhqmrkf019n-postgresql-17.10-plperl"
            },
            {
              "name": "plpython3",
              "path": "/nix/store/mw6f3sbwgcwpypq0v5xrx32hcwbqkbhi-postgresql-17.10-plpython3"
            },
            {
              "name": "pltcl",
              "path": "/nix/store/ylhbl8lk0n190pb9m6scg7nkip6wxlan-postgresql-17.10-pltcl"
            },
            {
              "name": "doc",
              "path": "/nix/store/nyh2h847zssl7qn9nqbvm60bhigsrn71-postgresql-17.10-doc"
            },
            {
              "name": "jit",
              "path": "/nix/store/2v4qijdyh09nvz5cg22j2ky8ssiifza8-postgresql-17.10-jit"
            },
            {
              "name": "lib",
              "path": "/nix/store/zyhz4k8gwfdha8q9bcrfy82l5vczd8xl-postgresql-17.10-lib"
            }
          ],
          "store_path": "/nix/store/fdh93xn8lhlkdslwrgxzr8kd1qc8akga-postgresql-17.10"
        }
      }
    },
    "rustup@1.29.0": {
      "last_modified": "2026-06-27T07:37:20Z",
      "plugin_version": "0.0.1",
      "resolved": "github:NixOS/nixpkgs/3d46470bb3030020f7e1361f33514854f5bfa86d#rustup",
      "source": "devbox-search",
      "version": "1.29.0",
      "systems": {
        "aarch64-darwin": {
          "outputs": [
            {
              "name": "out",
              "path": "/nix/store/v3r8r9l3qmxm9sb4gsnnrhz4xcz82fl2-rustup-1.29.0",
              "default": true
            }
          ],
          "store_path": "/nix/store/v3r8r9l3qmxm9sb4gsnnrhz4xcz82fl2-rustup-1.29.0"
        },
        "aarch64-linux": {
          "outputs": [
            {
              "name": "out",
              "path": "/nix/store/1ghz0g8a4p12amgzdsn0g7s47vzawxph-rustup-1.29.0",
              "default": true
            }
          ],
          "store_path": "/nix/store/1ghz0g8a4p12amgzdsn0g7s47vzawxph-rustup-1.29.0"
        },
        "x86_64-darwin": {
          "outputs": [
            {
              "name": "out",
              "path": "/nix/store/lvm2155pfw1b3a9g8cij5g7vx2dk4v9f-rustup-1.29.0",
              "default": true
            }
          ],
          "store_path": "/nix/store/lvm2155pfw1b3a9g8cij5g7vx2dk4v9f-rustup-1.29.0"
        },
        "x86_64-linux": {
          "outputs": [
            {
              "name": "out",
              "path": "/nix/store/cxx967kpb69s62f8xh97qq1r2lhj6i3s-rustup-1.29.0",
              "default": true
            }
          ],
          "store_path": "/nix/store/cxx967kpb69s62f8xh97qq1r2lhj6i3s-rustup-1.29.0"
        }
      }
    }
  }
}
